
Microsoft Visual Studio Solution File, Format Version 12.00
# Visual Studio 14
VisualStudioVersion = 14.0.25420.1
MinimumVisualStudioVersion = 10.0.40219.1
Project("{33AD0EE8-D99B-4E14-8CD9-3F56ABEF97A2}") = "AzureDocker.CI.UpdateVersion", "AzureDocker.CI.UpdateVersion\AzureDocker.CI.UpdateVersion.funproj", "{6AF24753-87B2-4ADB-80D4-20CBBFA58917}"
EndProject
Project("{FAE04EC0-301F-11D3-BF4B-00C04F79EFBC}") = "AzureDocker.CI.UpdateVersion.Console", "AzureDocker.CI.UpdateVersion.Console\AzureDocker.CI.UpdateVersion.Console.csproj", "{A84BC67E-E470-451E-9C47-BCFDC8E8A3F8}"
EndProject
Global
	GlobalSection(SolutionConfigurationPlatforms) = preSolution
		Debug|Any CPU = Debug|Any CPU
		Release|Any CPU = Release|Any CPU
	EndGlobalSection
	GlobalSection(ProjectConfigurationPlatforms) = postSolution
		{6AF24753-87B2-4ADB-80D4-20CBBFA58917}.Debug|Any CPU.ActiveCfg = Debug|Any CPU
		{6AF24753-87B2-4ADB-80D4-20CBBFA58917}.Debug|Any CPU.Build.0 = Debug|Any CPU
		{6AF24753-87B2-4ADB-80D4-20CBBFA58917}.Release|Any CPU.ActiveCfg = Release|Any CPU
		{6AF24753-87B2-4ADB-80D4-20CBBFA58917}.Release|Any CPU.Build.0 = Release|Any CPU
		{A84BC67E-E470-451E-9C47-BCFDC8E8A3F8}.Debug|Any CPU.ActiveCfg = Debug|Any CPU
		{A84BC67E-E470-451E-9C47-BCFDC8E8A3F8}.Debug|Any CPU.Build.0 = Debug|Any CPU
		{A84BC67E-E470-451E-9C47-BCFDC8E8A3F8}.Release|Any CPU.ActiveCfg = Release|Any CPU
		{A84BC67E-E470-451E-9C47-BCFDC8E8A3F8}.Release|Any CPU.Build.0 = Release|Any CPU
	EndGlobalSection
	GlobalSection(SolutionProperties) = preSolution
		HideSolutionNode = FALSE
	EndGlobalSection
EndGlobal
